
Microsoft Visual Studio Solution File, Format Version 12.00
# Visual Studio 2013
VisualStudioVersion = 12.0.30324.0
MinimumVisualStudioVersion = 10.0.40219.1
Project("{2150E333-8FDC-42A3-9474-1A3956D46DE8}") = "SharedDll", "SharedDll", "{7AC478D9-EC20-4722-9426-AEABDC10597D}"
	ProjectSection(SolutionItems) = preProject
		SharedDLL\HtmlAgilityPack.dll = SharedDLL\HtmlAgilityPack.dll
		SharedDLL\RestSharp.WindowsPhone.dll = SharedDLL\RestSharp.WindowsPhone.dll
		SharedDLL\VB.dll = SharedDLL\VB.dll
	EndProjectSection
EndProject
Project("{FAE04EC0-301F-11D3-BF4B-00C04F79EFBC}") = "Reportazhyst.WP8.App", "Reportazhyst.WP8.App\Reportazhyst.WP8.App.csproj", "{393AA7D0-0C6D-4DFC-BA00-D152431673D0}"
	ProjectSection(ProjectDependencies) = postProject
		{5471880D-F3F7-40F8-A8A1-286548ED1E35} = {5471880D-F3F7-40F8-A8A1-286548ED1E35}
		{63AA3C25-EB0B-4DA7-B168-12C5A319EC8C} = {63AA3C25-EB0B-4DA7-B168-12C5A319EC8C}
	EndProjectSection
EndProject
Project("{FAE04EC0-301F-11D3-BF4B-00C04F79EFBC}") = "Reportazhyst.WP8.Common", "Reportazhyst.WP8.Common\Reportazhyst.WP8.Common.csproj", "{63AA3C25-EB0B-4DA7-B168-12C5A319EC8C}"
EndProject
Project("{FAE04EC0-301F-11D3-BF4B-00C04F79EFBC}") = "Reportazhyst.WP8.Agent", "Reportazhyst.WP8.Agent\Reportazhyst.WP8.Agent.csproj", "{5471880D-F3F7-40F8-A8A1-286548ED1E35}"
EndProject
Global
	GlobalSection(TeamFoundationVersionControl) = preSolution
		SccNumberOfProjects = 4
		SccEnterpriseProvider = {4CA58AB2-18FA-4F8D-95D4-32DDF27D184C}
		SccTeamFoundationServer = https://vbilenko.visualstudio.com/defaultcollection
		SccLocalPath0 = .
		SccProjectUniqueName1 = Reportazhyst.WP8.Agent\\Reportazhyst.WP8.Agent.csproj
		SccProjectName1 = Reportazhyst.WP8.Agent
		SccLocalPath1 = Reportazhyst.WP8.Agent
		SccProjectUniqueName2 = Reportazhyst.WP8.App\\Reportazhyst.WP8.App.csproj
		SccProjectName2 = Reportazhyst.WP8.App
		SccLocalPath2 = Reportazhyst.WP8.App
		SccProjectUniqueName3 = Reportazhyst.WP8.Common\\Reportazhyst.WP8.Common.csproj
		SccProjectName3 = Reportazhyst.WP8.Common
		SccLocalPath3 = Reportazhyst.WP8.Common
	EndGlobalSection
	GlobalSection(SolutionConfigurationPlatforms) = preSolution
		Debug|Any CPU = Debug|Any CPU
		Debug|ARM = Debug|ARM
		Debug|x86 = Debug|x86
		Release|Any CPU = Release|Any CPU
		Release|ARM = Release|ARM
		Release|x86 = Release|x86
	EndGlobalSection
	GlobalSection(ProjectConfigurationPlatforms) = postSolution
		{393AA7D0-0C6D-4DFC-BA00-D152431673D0}.Debug|Any CPU.ActiveCfg = Debug|Any CPU
		{393AA7D0-0C6D-4DFC-BA00-D152431673D0}.Debug|Any CPU.Build.0 = Debug|Any CPU
		{393AA7D0-0C6D-4DFC-BA00-D152431673D0}.Debug|Any CPU.Deploy.0 = Debug|Any CPU
		{393AA7D0-0C6D-4DFC-BA00-D152431673D0}.Debug|ARM.ActiveCfg = Debug|ARM
		{393AA7D0-0C6D-4DFC-BA00-D152431673D0}.Debug|ARM.Build.0 = Debug|ARM
		{393AA7D0-0C6D-4DFC-BA00-D152431673D0}.Debug|ARM.Deploy.0 = Debug|ARM
		{393AA7D0-0C6D-4DFC-BA00-D152431673D0}.Debug|x86.ActiveCfg = Debug|x86
		{393AA7D0-0C6D-4DFC-BA00-D152431673D0}.Debug|x86.Build.0 = Debug|x86
		{393AA7D0-0C6D-4DFC-BA00-D152431673D0}.Debug|x86.Deploy.0 = Debug|x86
		{393AA7D0-0C6D-4DFC-BA00-D152431673D0}.Release|Any CPU.ActiveCfg = Release|Any CPU
		{393AA7D0-0C6D-4DFC-BA00-D152431673D0}.Release|Any CPU.Build.0 = Release|Any CPU
		{393AA7D0-0C6D-4DFC-BA00-D152431673D0}.Release|Any CPU.Deploy.0 = Release|Any CPU
		{393AA7D0-0C6D-4DFC-BA00-D152431673D0}.Release|ARM.ActiveCfg = Release|ARM
		{393AA7D0-0C6D-4DFC-BA00-D152431673D0}.Release|ARM.Build.0 = Release|ARM
		{393AA7D0-0C6D-4DFC-BA00-D152431673D0}.Release|ARM.Deploy.0 = Release|ARM
		{393AA7D0-0C6D-4DFC-BA00-D152431673D0}.Release|x86.ActiveCfg = Release|x86
		{393AA7D0-0C6D-4DFC-BA00-D152431673D0}.Release|x86.Build.0 = Release|x86
		{393AA7D0-0C6D-4DFC-BA00-D152431673D0}.Release|x86.Deploy.0 = Release|x86
		{63AA3C25-EB0B-4DA7-B168-12C5A319EC8C}.Debug|Any CPU.ActiveCfg = Debug|Any CPU
		{63AA3C25-EB0B-4DA7-B168-12C5A319EC8C}.Debug|Any CPU.Build.0 = Debug|Any CPU
		{63AA3C25-EB0B-4DA7-B168-12C5A319EC8C}.Debug|ARM.ActiveCfg = Debug|ARM
		{63AA3C25-EB0B-4DA7-B168-12C5A319EC8C}.Debug|ARM.Build.0 = Debug|ARM
		{63AA3C25-EB0B-4DA7-B168-12C5A319EC8C}.Debug|x86.ActiveCfg = Debug|x86
		{63AA3C25-EB0B-4DA7-B168-12C5A319EC8C}.Debug|x86.Build.0 = Debug|x86
		{63AA3C25-EB0B-4DA7-B168-12C5A319EC8C}.Release|Any CPU.ActiveCfg = Release|Any CPU
		{63AA3C25-EB0B-4DA7-B168-12C5A319EC8C}.Release|Any CPU.Build.0 = Release|Any CPU
		{63AA3C25-EB0B-4DA7-B168-12C5A319EC8C}.Release|ARM.ActiveCfg = Release|ARM
		{63AA3C25-EB0B-4DA7-B168-12C5A319EC8C}.Release|ARM.Build.0 = Release|ARM
		{63AA3C25-EB0B-4DA7-B168-12C5A319EC8C}.Release|x86.ActiveCfg = Release|x86
		{63AA3C25-EB0B-4DA7-B168-12C5A319EC8C}.Release|x86.Build.0 = Release|x86
		{5471880D-F3F7-40F8-A8A1-286548ED1E35}.Debug|Any CPU.ActiveCfg = Debug|Any CPU
		{5471880D-F3F7-40F8-A8A1-286548ED1E35}.Debug|Any CPU.Build.0 = Debug|Any CPU
		{5471880D-F3F7-40F8-A8A1-286548ED1E35}.Debug|ARM.ActiveCfg = Debug|ARM
		{5471880D-F3F7-40F8-A8A1-286548ED1E35}.Debug|ARM.Build.0 = Debug|ARM
		{5471880D-F3F7-40F8-A8A1-286548ED1E35}.Debug|x86.ActiveCfg = Debug|x86
		{5471880D-F3F7-40F8-A8A1-286548ED1E35}.Debug|x86.Build.0 = Debug|x86
		{5471880D-F3F7-40F8-A8A1-286548ED1E35}.Release|Any CPU.ActiveCfg = Release|Any CPU
		{5471880D-F3F7-40F8-A8A1-286548ED1E35}.Release|Any CPU.Build.0 = Release|Any CPU
		{5471880D-F3F7-40F8-A8A1-286548ED1E35}.Release|ARM.ActiveCfg = Release|ARM
		{5471880D-F3F7-40F8-A8A1-286548ED1E35}.Release|ARM.Build.0 = Release|ARM
		{5471880D-F3F7-40F8-A8A1-286548ED1E35}.Release|x86.ActiveCfg = Release|x86
		{5471880D-F3F7-40F8-A8A1-286548ED1E35}.Release|x86.Build.0 = Release|x86
	EndGlobalSection
	GlobalSection(SolutionProperties) = preSolution
		HideSolutionNode = FALSE
	EndGlobalSection
	GlobalSection(SubversionScc) = preSolution
		Svn-Managed = True
		Manager = AnkhSVN - Subversion Support for Visual Studio
	EndGlobalSection
EndGlobal
